<?xml version="1.0" encoding="utf-8"?>
<Project ToolsVersion="4.0" xmlns="http://schemas.microsoft.com/developer/msbuild/2003">
  <ItemGroup>
    <Filter Include="App">
      <UniqueIdentifier>{d2df00a0-19d6-4ace-8036-94d652a5efaa}</UniqueIdentifier>
    </Filter>
    <Filter Include="Common">
      <UniqueIdentifier>{30655e97-808c-4d12-8a5a-ddcd1804e962}</UniqueIdentifier>
    </Filter>
    <Filter Include="Common\Debug">
      <UniqueIdentifier>{c8c69d8a-ab61-4965-a5ad-56ba19f7e834}</UniqueIdentifier>
    </Filter>
    <Filter Include="HeightMap">
      <UniqueIdentifier>{6386952c-e959-468c-8f3a-a46f09c035d5}</UniqueIdentifier>
    </Filter>
  </ItemGroup>
  <ItemGroup>
    <ClInclude Include="Debug.h">
      <Filter>Common\Debug</Filter>
    </ClInclude>
    <ClInclude Include="intpoint.h">
      <Filter>Common</Filter>
    </ClInclude>
    <ClInclude Include="HeightMap.h">
      <Filter>HeightMap</Filter>
    </ClInclude>
  </ItemGroup>
  <ItemGroup>
    <ClCompile Include="Debug.cpp">
      <Filter>Common\Debug</Filter>
    </ClCompile>
    <ClCompile Include="app.cpp">
      <Filter>App</Filter>
    </ClCompile>
    <ClCompile Include="HeightMap.cpp">
      <Filter>HeightMap</Filter>
    </ClCompile>
  </ItemGroup>
</Project>